
Microsoft Visual Studio Solution File, Format Version 12.00
# Visual Studio 15
VisualStudioVersion = 15.0.26124.0
MinimumVisualStudioVersion = 15.0.26124.0
Project("{FAE04EC0-301F-11D3-BF4B-00C04F79EFBC}") = "mi", "mi\mi.csproj", "{AE4B145B-6742-4995-B8A3-3CFEB6463F65}"
EndProject
Project("{FAE04EC0-301F-11D3-BF4B-00C04F79EFBC}") = "Minsk", "Minsk\Minsk.csproj", "{C70F8A1B-A04A-436B-89E2-C29C66E923C7}"
EndProject
Project("{FAE04EC0-301F-11D3-BF4B-00C04F79EFBC}") = "Minsk.Tests", "Minsk.Tests\Minsk.Tests.csproj", "{3D2C30CE-701E-4962-A664-26A094F5B428}"
EndProject
Project("{2150E333-8FDC-42A3-9474-1A3956D46DE8}") = "Solution Items", "Solution Items", "{C754AC6C-EFF2-4F2A-9DE1-21D719E363E7}"
	ProjectSection(SolutionItems) = preProject
		azure-pipelines.yml = azure-pipelines.yml
	EndProjectSection
EndProject
Global
	GlobalSection(SolutionConfigurationPlatforms) = preSolution
		Debug|Any CPU = Debug|Any CPU
		Debug|x64 = Debug|x64
		Debug|x86 = Debug|x86
		Release|Any CPU = Release|Any CPU
		Release|x64 = Release|x64
		Release|x86 = Release|x86
	EndGlobalSection
	GlobalSection(SolutionProperties) = preSolution
		HideSolutionNode = FALSE
	EndGlobalSection
	GlobalSection(ProjectConfigurationPlatforms) = postSolution
		{AE4B145B-6742-4995-B8A3-3CFEB6463F65}.Debug|Any CPU.ActiveCfg = Debug|Any CPU
		{AE4B145B-6742-4995-B8A3-3CFEB6463F65}.Debug|Any CPU.Build.0 = Debug|Any CPU
		{AE4B145B-6742-4995-B8A3-3CFEB6463F65}.Debug|x64.ActiveCfg = Debug|Any CPU
		{AE4B145B-6742-4995-B8A3-3CFEB6463F65}.Debug|x64.Build.0 = Debug|Any CPU
		{AE4B145B-6742-4995-B8A3-3CFEB6463F65}.Debug|x86.ActiveCfg = Debug|Any CPU
		{AE4B145B-6742-4995-B8A3-3CFEB6463F65}.Debug|x86.Build.0 = Debug|Any CPU
		{AE4B145B-6742-4995-B8A3-3CFEB6463F65}.Release|Any CPU.ActiveCfg = Release|Any CPU
		{AE4B145B-6742-4995-B8A3-3CFEB6463F65}.Release|Any CPU.Build.0 = Release|Any CPU
		{AE4B145B-6742-4995-B8A3-3CFEB6463F65}.Release|x64.ActiveCfg = Release|Any CPU
		{AE4B145B-6742-4995-B8A3-3CFEB6463F65}.Release|x64.Build.0 = Release|Any CPU
		{AE4B145B-6742-4995-B8A3-3CFEB6463F65}.Release|x86.ActiveCfg = Release|Any CPU
		{AE4B145B-6742-4995-B8A3-3CFEB6463F65}.Release|x86.Build.0 = Release|Any CPU
		{C70F8A1B-A04A-436B-89E2-C29C66E923C7}.Debug|Any CPU.ActiveCfg = Debug|Any CPU
		{C70F8A1B-A04A-436B-89E2-C29C66E923C7}.Debug|Any CPU.Build.0 = Debug|Any CPU
		{C70F8A1B-A04A-436B-89E2-C29C66E923C7}.Debug|x64.ActiveCfg = Debug|Any CPU
		{C70F8A1B-A04A-436B-89E2-C29C66E923C7}.Debug|x64.Build.0 = Debug|Any CPU
		{C70F8A1B-A04A-436B-89E2-C29C66E923C7}.Debug|x86.ActiveCfg = Debug|Any CPU
		{C70F8A1B-A04A-436B-89E2-C29C66E923C7}.Debug|x86.Build.0 = Debug|Any CPU
		{C70F8A1B-A04A-436B-89E2-C29C66E923C7}.Release|Any CPU.ActiveCfg = Release|Any CPU
		{C70F8A1B-A04A-436B-89E2-C29C66E923C7}.Release|Any CPU.Build.0 = Release|Any CPU
		{C70F8A1B-A04A-436B-89E2-C29C66E923C7}.Release|x64.ActiveCfg = Release|Any CPU
		{C70F8A1B-A04A-436B-89E2-C29C66E923C7}.Release|x64.Build.0 = Release|Any CPU
		{C70F8A1B-A04A-436B-89E2-C29C66E923C7}.Release|x86.ActiveCfg = Release|Any CPU
		{C70F8A1B-A04A-436B-89E2-C29C66E923C7}.Release|x86.Build.0 = Release|Any CPU
		{3D2C30CE-701E-4962-A664-26A094F5B428}.Debug|Any CPU.ActiveCfg = Debug|Any CPU
		{3D2C30CE-701E-4962-A664-26A094F5B428}.Debug|Any CPU.Build.0 = Debug|Any CPU
		{3D2C30CE-701E-4962-A664-26A094F5B428}.Debug|x64.ActiveCfg = Debug|Any CPU
		{3D2C30CE-701E-4962-A664-26A094F5B428}.Debug|x64.Build.0 = Debug|Any CPU
		{3D2C30CE-701E-4962-A664-26A094F5B428}.Debug|x86.ActiveCfg = Debug|Any CPU
		{3D2C30CE-701E-4962-A664-26A094F5B428}.Debug|x86.Build.0 = Debug|Any CPU
		{3D2C30CE-701E-4962-A664-26A094F5B428}.Release|Any CPU.ActiveCfg = Release|Any CPU
		{3D2C30CE-701E-4962-A664-26A094F5B428}.Release|Any CPU.Build.0 = Release|Any CPU
		{3D2C30CE-701E-4962-A664-26A094F5B428}.Release|x64.ActiveCfg = Release|Any CPU
		{3D2C30CE-701E-4962-A664-26A094F5B428}.Release|x64.Build.0 = Release|Any CPU
		{3D2C30CE-701E-4962-A664-26A094F5B428}.Release|x86.ActiveCfg = Release|Any CPU
		{3D2C30CE-701E-4962-A664-26A094F5B428}.Release|x86.Build.0 = Release|Any CPU
	EndGlobalSection
EndGlobal
